{
  "name": "patatapclone",
  "version": "1.0.0",
  "lockfileVersion": 1,
  "requires": true,
  "dependencies": {
    "howler": {
      "version": "2.1.3",
      "resolved": "https://registry.npm.taobao.org/howler/download/howler-2.1.3.tgz",
      "integrity": "sha1-B8iGGPh2foeUB6TWR/4tbV8V8SE="
    },
    "paper": {
      "version": "0.12.4",
      "resolved": "https://registry.npm.taobao.org/paper/download/paper-0.12.4.tgz",
      "integrity": "sha1-xrAf6ibLMNFaT3q+s0ZcRa17Sa4="
    }
  }
}
